<?xml version="1.0" encoding="UTF-8" standalone="yes" ?>
<CodeBlocks_project_file>
	<FileVersion major="1" minor="6" />
	<Project>
		<Option title="_sfml_app" />
		<Option pch_mode="2" />
		<Option compiler="gcc" />
		<Build>
			<Target title="Debug">
				<Option output="bin/Debug/_sfml_app" prefix_auto="1" extension_auto="1" />
				<Option object_output="obj/Debug/" />
				<Option type="1" />
				<Option compiler="gcc" />
				<Compiler>
					<Add option="-g" />
					<Add directory="include" />
				</Compiler>
			</Target>
			<Target title="Release">
				<Option output="bin/Release/_sfml_app" prefix_auto="1" extension_auto="1" />
				<Option object_output="obj/Release/" />
				<Option type="1" />
				<Option compiler="gcc" />
				<Compiler>
					<Add option="-O2" />
					<Add option="-std=c++11" />
					<Add directory="include" />
				</Compiler>
				<Linker>
					<Add option="-s" />
					<Add option="-lpthread" />
					<Add option="-lrt" />
				</Linker>
			</Target>
		</Build>
		<Compiler>
			<Add option="-Wall" />
			<Add option="-fexceptions" />
			<Add directory="/usr/SFML-2.3.2/include" />
		</Compiler>
		<Linker>
			<Add library="sfml-graphics" />
			<Add library="sfml-window" />
			<Add library="sfml-system" />
			<Add directory="/usr/SFML-2.3.2/lib" />
		</Linker>
		<Unit filename="include/ThreadObject.h" />
		<Unit filename="include/TimerObject.h" />
		<Unit filename="include/app_engine.h" />
		<Unit filename="include/cdelegate.h" />
		<Unit filename="include/collectData.h" />
		<Unit filename="include/cserialport.h" />
		<Unit filename="include/ctimer.h" />
		<Unit filename="include/game_gui.h" />
		<Unit filename="include/serialPort.h" />
		<Unit filename="main.cpp" />
		<Unit filename="src/app_engine.cpp" />
		<Unit filename="src/cdelegate.cpp" />
		<Unit filename="src/collectData.cpp" />
		<Unit filename="src/cserialport.cpp" />
		<Unit filename="src/ctimer.cpp" />
		<Unit filename="src/game_gui.cpp" />
		<Unit filename="src/serialPort.cpp" />
		<Extensions>
			<code_completion />
			<debugger />
		</Extensions>
	</Project>
</CodeBlocks_project_file>
